{
  "requires": true,
  "lockfileVersion": 1,
  "dependencies": {
    "@hw-hmscore/analytics-sdk-harmony": {
      "version": "6.6.0-300",
      "resolved": "https://registry.npmjs.org/@hw-hmscore/analytics-sdk-harmony/-/analytics-sdk-harmony-6.6.0-300.tgz",
      "integrity": "sha512-rHsiVcfjN8ZIe/F2rQU8oOc/MF2qi4ukksBMP167N+GeHRqhZ0GWCgVeYt4GKN60Xv1aKK8cHAlRFg+sKxvzWg=="
    }
  }
}
